Microsoft Visual Studio Solution File, Format Version 12.00
# Visual Studio Version 17
VisualStudioVersion = 17.0.31903.59
MinimumVisualStudioVersion = 10.0.40219.1
Project("{9A19103F-16F7-4668-BE54-9A1E7A4F7556}") = "Nvt.Core", "src\Nvt.Core\Nvt.Core.csproj", "{38B0C76D-ABF6-47B2-91A6-02E202E5E008}"
EndProject
Project("{9A19103F-16F7-4668-BE54-9A1E7A4F7556}") = "Nvt.Core.Avalonia", "src\Nvt.Core.Avalonia\Nvt.Core.Avalonia.csproj", "{096AA64A-3BDA-430A-9FB5-CEFF42F8AA0A}"
EndProject
Project("{9A19103F-16F7-4668-BE54-9A1E7A4F7556}") = "Nvt.Core.Tests", "tests\Nvt.Core.Tests\Nvt.Core.Tests.csproj", "{8F7D4272-58C1-43F8-970F-9F13BA1F4CEB}"
EndProject
Project("{9A19103F-16F7-4668-BE54-9A1E7A4F7556}") = "Nvt.Core.Avalonia.Tests", "tests\Nvt.Core.Avalonia.Tests\Nvt.Core.Avalonia.Tests.csproj", "{24C4954A-4D95-412F-A3E6-975B9A8CE4F2}"
EndProject
Project("{9A19103F-16F7-4668-BE54-9A1E7A4F7556}") = "Nvt.Core.Fonts", "src\Nvt.Core.Fonts\Nvt.Core.Fonts.csproj", "{8103265A-CDB0-46FD-AFF8-EDADABBCB28A}"
EndProject
Project("{9A19103F-16F7-4668-BE54-9A1E7A4F7556}") = "Nvt.Core.Fonts.Tests", "tests\Nvt.Core.Fonts.Tests\Nvt.Core.Fonts.Tests.csproj", "{116C7FEA-50B8-4B57-AC4C-5F2B511BDF9A}"
EndProject
Project("{9A19103F-16F7-4668-BE54-9A1E7A4F7556}") = "Nvt.Core.TestProbe", "tests\Nvt.Core.TestProbe\Nvt.Core.TestProbe.csproj", "{5C2E8B71-3D4A-4F6B-9E1C-7A2D8F0B4C63}"
EndProject
Project("{9A19103F-16F7-4668-BE54-9A1E7A4F7556}") = "Nvt.Core.LinkedProbe", "tests\Nvt.Core.LinkedProbe\Nvt.Core.LinkedProbe.csproj", "{B1E9A784-CE17-4634-934B-D5AD9F632087}"
EndProject
Project("{9A19103F-16F7-4668-BE54-9A1E7A4F7556}") = "Nvt.Core.TestSupport", "tests\Nvt.Core.TestSupport\Nvt.Core.TestSupport.csproj", "{322B0681-9E15-41D6-9FD0-39D922A1EF9F}"
EndProject
Project("{9A19103F-16F7-4668-BE54-9A1E7A4F7556}") = "Nvt.Core.TestSupport.Tests", "tests\Nvt.Core.TestSupport.Tests\Nvt.Core.TestSupport.Tests.csproj", "{6FA241E2-3D2B-4647-AB44-477A70713E72}"
Project("{9A19103F-16F7-4668-BE54-9A1E7A4F7556}") = "Nvt.Core.SourceConsumption.Tests", "tests\Nvt.Core.SourceConsumption.Tests\Nvt.Core.SourceConsumption.Tests.csproj", "{D46B4F79-6B9C-4DB2-8759-1A3B374B0114}"
EndProject
Global
	GlobalSection(SolutionConfigurationPlatforms) = preSolution
		Debug|Any CPU = Debug|Any CPU
		Release|Any CPU = Release|Any CPU
	EndGlobalSection
	GlobalSection(ProjectConfigurationPlatforms) = postSolution
		{38B0C76D-ABF6-47B2-91A6-02E202E5E008}.Debug|Any CPU.ActiveCfg = Debug|Any CPU
		{38B0C76D-ABF6-47B2-91A6-02E202E5E008}.Debug|Any CPU.Build.0 = Debug|Any CPU
		{38B0C76D-ABF6-47B2-91A6-02E202E5E008}.Release|Any CPU.ActiveCfg = Release|Any CPU
		{38B0C76D-ABF6-47B2-91A6-02E202E5E008}.Release|Any CPU.Build.0 = Release|Any CPU
		{096AA64A-3BDA-430A-9FB5-CEFF42F8AA0A}.Debug|Any CPU.ActiveCfg = Debug|Any CPU
		{096AA64A-3BDA-430A-9FB5-CEFF42F8AA0A}.Debug|Any CPU.Build.0 = Debug|Any CPU
		{096AA64A-3BDA-430A-9FB5-CEFF42F8AA0A}.Release|Any CPU.ActiveCfg = Release|Any CPU
		{096AA64A-3BDA-430A-9FB5-CEFF42F8AA0A}.Release|Any CPU.Build.0 = Release|Any CPU
		{8F7D4272-58C1-43F8-970F-9F13BA1F4CEB}.Debug|Any CPU.ActiveCfg = Debug|Any CPU
		{8F7D4272-58C1-43F8-970F-9F13BA1F4CEB}.Debug|Any CPU.Build.0 = Debug|Any CPU
		{8F7D4272-58C1-43F8-970F-9F13BA1F4CEB}.Release|Any CPU.ActiveCfg = Release|Any CPU
		{8F7D4272-58C1-43F8-970F-9F13BA1F4CEB}.Release|Any CPU.Build.0 = Release|Any CPU
		{24C4954A-4D95-412F-A3E6-975B9A8CE4F2}.Debug|Any CPU.ActiveCfg = Debug|Any CPU
		{24C4954A-4D95-412F-A3E6-975B9A8CE4F2}.Debug|Any CPU.Build.0 = Debug|Any CPU
		{24C4954A-4D95-412F-A3E6-975B9A8CE4F2}.Release|Any CPU.ActiveCfg = Release|Any CPU
		{24C4954A-4D95-412F-A3E6-975B9A8CE4F2}.Release|Any CPU.Build.0 = Release|Any CPU
		{8103265A-CDB0-46FD-AFF8-EDADABBCB28A}.Debug|Any CPU.ActiveCfg = Debug|Any CPU
		{8103265A-CDB0-46FD-AFF8-EDADABBCB28A}.Debug|Any CPU.Build.0 = Debug|Any CPU
		{8103265A-CDB0-46FD-AFF8-EDADABBCB28A}.Release|Any CPU.ActiveCfg = Release|Any CPU
		{8103265A-CDB0-46FD-AFF8-EDADABBCB28A}.Release|Any CPU.Build.0 = Release|Any CPU
		{116C7FEA-50B8-4B57-AC4C-5F2B511BDF9A}.Debug|Any CPU.ActiveCfg = Debug|Any CPU
		{116C7FEA-50B8-4B57-AC4C-5F2B511BDF9A}.Debug|Any CPU.Build.0 = Debug|Any CPU
		{116C7FEA-50B8-4B57-AC4C-5F2B511BDF9A}.Release|Any CPU.ActiveCfg = Release|Any CPU
		{116C7FEA-50B8-4B57-AC4C-5F2B511BDF9A}.Release|Any CPU.Build.0 = Release|Any CPU
		{5C2E8B71-3D4A-4F6B-9E1C-7A2D8F0B4C63}.Debug|Any CPU.ActiveCfg = Debug|Any CPU
		{5C2E8B71-3D4A-4F6B-9E1C-7A2D8F0B4C63}.Debug|Any CPU.Build.0 = Debug|Any CPU
		{5C2E8B71-3D4A-4F6B-9E1C-7A2D8F0B4C63}.Release|Any CPU.ActiveCfg = Release|Any CPU
		{5C2E8B71-3D4A-4F6B-9E1C-7A2D8F0B4C63}.Release|Any CPU.Build.0 = Release|Any CPU
		{B1E9A784-CE17-4634-934B-D5AD9F632087}.Debug|Any CPU.ActiveCfg = Debug|Any CPU
		{B1E9A784-CE17-4634-934B-D5AD9F632087}.Debug|Any CPU.Build.0 = Debug|Any CPU
		{B1E9A784-CE17-4634-934B-D5AD9F632087}.Release|Any CPU.ActiveCfg = Release|Any CPU
		{B1E9A784-CE17-4634-934B-D5AD9F632087}.Release|Any CPU.Build.0 = Release|Any CPU
		{322B0681-9E15-41D6-9FD0-39D922A1EF9F}.Debug|Any CPU.ActiveCfg = Debug|Any CPU
		{322B0681-9E15-41D6-9FD0-39D922A1EF9F}.Debug|Any CPU.Build.0 = Debug|Any CPU
		{322B0681-9E15-41D6-9FD0-39D922A1EF9F}.Release|Any CPU.ActiveCfg = Release|Any CPU
		{322B0681-9E15-41D6-9FD0-39D922A1EF9F}.Release|Any CPU.Build.0 = Release|Any CPU
		{6FA241E2-3D2B-4647-AB44-477A70713E72}.Debug|Any CPU.ActiveCfg = Debug|Any CPU
		{6FA241E2-3D2B-4647-AB44-477A70713E72}.Debug|Any CPU.Build.0 = Debug|Any CPU
		{6FA241E2-3D2B-4647-AB44-477A70713E72}.Release|Any CPU.ActiveCfg = Release|Any CPU
		{6FA241E2-3D2B-4647-AB44-477A70713E72}.Release|Any CPU.Build.0 = Release|Any CPU
		{D46B4F79-6B9C-4DB2-8759-1A3B374B0114}.Debug|Any CPU.ActiveCfg = Debug|Any CPU
		{D46B4F79-6B9C-4DB2-8759-1A3B374B0114}.Debug|Any CPU.Build.0 = Debug|Any CPU
		{D46B4F79-6B9C-4DB2-8759-1A3B374B0114}.Release|Any CPU.ActiveCfg = Release|Any CPU
		{D46B4F79-6B9C-4DB2-8759-1A3B374B0114}.Release|Any CPU.Build.0 = Release|Any CPU
	EndGlobalSection
EndGlobal
